
Microsoft Visual Studio Solution File, Format Version 12.00
# Visual Studio Version 16
VisualStudioVersion = 16.0.29215.179
MinimumVisualStudioVersion = 10.0.40219.1
Project("{FAE04EC0-301F-11D3-BF4B-00C04F79EFBC}") = "ToDoListApp.Entities", "ToDoListApp.Entities\ToDoListApp.Entities.csproj", "{08DAF42E-34FE-4F24-9487-2258F9A1A12C}"
EndProject
Project("{FAE04EC0-301F-11D3-BF4B-00C04F79EFBC}") = "ToDoListApp.Business", "ToDoListApp.Business\ToDoListApp.Business.csproj", "{EB44B4B0-984C-4491-AB9E-5AFE28E77955}"
EndProject
Project("{FAE04EC0-301F-11D3-BF4B-00C04F79EFBC}") = "ToDoListApp.Web", "ToDoListApp.Web\ToDoListApp.Web.csproj", "{517F9714-7AD7-4871-9BCF-19433D4A7CC6}"
EndProject
Global
	GlobalSection(SolutionConfigurationPlatforms) = preSolution
		Debug|Any CPU = Debug|Any CPU
		Release|Any CPU = Release|Any CPU
	EndGlobalSection
	GlobalSection(ProjectConfigurationPlatforms) = postSolution
		{08DAF42E-34FE-4F24-9487-2258F9A1A12C}.Debug|Any CPU.ActiveCfg = Debug|Any CPU
		{08DAF42E-34FE-4F24-9487-2258F9A1A12C}.Debug|Any CPU.Build.0 = Debug|Any CPU
		{08DAF42E-34FE-4F24-9487-2258F9A1A12C}.Release|Any CPU.ActiveCfg = Release|Any CPU
		{08DAF42E-34FE-4F24-9487-2258F9A1A12C}.Release|Any CPU.Build.0 = Release|Any CPU
		{EB44B4B0-984C-4491-AB9E-5AFE28E77955}.Debug|Any CPU.ActiveCfg = Debug|Any CPU
		{EB44B4B0-984C-4491-AB9E-5AFE28E77955}.Debug|Any CPU.Build.0 = Debug|Any CPU
		{EB44B4B0-984C-4491-AB9E-5AFE28E77955}.Release|Any CPU.ActiveCfg = Release|Any CPU
		{EB44B4B0-984C-4491-AB9E-5AFE28E77955}.Release|Any CPU.Build.0 = Release|Any CPU
		{517F9714-7AD7-4871-9BCF-19433D4A7CC6}.Debug|Any CPU.ActiveCfg = Debug|Any CPU
		{517F9714-7AD7-4871-9BCF-19433D4A7CC6}.Debug|Any CPU.Build.0 = Debug|Any CPU
		{517F9714-7AD7-4871-9BCF-19433D4A7CC6}.Release|Any CPU.ActiveCfg = Release|Any CPU
		{517F9714-7AD7-4871-9BCF-19433D4A7CC6}.Release|Any CPU.Build.0 = Release|Any CPU
	EndGlobalSection
	GlobalSection(SolutionProperties) = preSolution
		HideSolutionNode = FALSE
	EndGlobalSection
	GlobalSection(ExtensibilityGlobals) = postSolution
		SolutionGuid = {E2B34AFC-BEEF-462B-AF89-62715422AF14}
	EndGlobalSection
EndGlobal
